{
  "name": "openbao",
  "lockfileVersion": 3,
  "requires": true,
  "packages": {
    "": {
      "dependencies": {
        "openbao-ecosystem-logos": "github:openbao/openbao-ecosystem-logos#dbe878fd3cd29c3328c2ff8edf8d496dedee9c8b"
      }
    },
    "node_modules/openbao-ecosystem-logos": {
      "version": "0.0.0",
      "resolved": "git+ssh://git@github.com/openbao/openbao-ecosystem-logos.git#dbe878fd3cd29c3328c2ff8edf8d496dedee9c8b",
      "integrity": "sha512-hPx76ihX+m7hiaPfvvLDPDi1SPQaCuuAdSsveWv61kH3I1GayJDqPKwTU419J8/0mVHf0BkQE/B57ztJnBG5FA==",
      "license": "UNLICENSED"
    }
  }
}
